
Microsoft Visual Studio Solution File, Format Version 12.00
# Visual Studio 14
VisualStudioVersion = 14.0.24720.0
MinimumVisualStudioVersion = 10.0.40219.1
Project("{2150E333-8FDC-42A3-9474-1A3956D46DE8}") = "Core", "Core", "{27E35376-4E32-4A62-8CAA-3FD5CC32CADA}"
EndProject
Project("{FAE04EC0-301F-11D3-BF4B-00C04F79EFBC}") = "LumberjackClient.Net35", "core\LumberjackClient.Net35\LumberjackClient.Net35.csproj", "{EFABB32D-94DB-4A95-B1F3-0CB8F56261E1}"
EndProject
Project("{FAE04EC0-301F-11D3-BF4B-00C04F79EFBC}") = "LumberjackClient.Net45", "core\LumberjackClient.Net45\LumberjackClient.Net45.csproj", "{4B520806-D0C3-4C05-AB08-2735A4F7D3C3}"
EndProject
Project("{2150E333-8FDC-42A3-9474-1A3956D46DE8}") = "Sample", "Sample", "{4AEE8A54-4BA9-4DB9-B092-F47B7E89D0D1}"
EndProject
Project("{FAE04EC0-301F-11D3-BF4B-00C04F79EFBC}") = "Basic", "samples\Basic\Basic.csproj", "{BDD87805-2488-4FAB-8353-DE12E4F7393B}"
EndProject
Project("{FAE04EC0-301F-11D3-BF4B-00C04F79EFBC}") = "LumberjackClient.Net45.Tests", "core\LumberjackClient.Net45.Tests\LumberjackClient.Net45.Tests.csproj", "{A4F6437D-288C-4504-9FA0-84F69F42D123}"
EndProject
Global
	GlobalSection(SolutionConfigurationPlatforms) = preSolution
		Debug|Any CPU = Debug|Any CPU
		Release|Any CPU = Release|Any CPU
	EndGlobalSection
	GlobalSection(ProjectConfigurationPlatforms) = postSolution
		{EFABB32D-94DB-4A95-B1F3-0CB8F56261E1}.Debug|Any CPU.ActiveCfg = Debug|Any CPU
		{EFABB32D-94DB-4A95-B1F3-0CB8F56261E1}.Debug|Any CPU.Build.0 = Debug|Any CPU
		{EFABB32D-94DB-4A95-B1F3-0CB8F56261E1}.Release|Any CPU.ActiveCfg = Release|Any CPU
		{EFABB32D-94DB-4A95-B1F3-0CB8F56261E1}.Release|Any CPU.Build.0 = Release|Any CPU
		{4B520806-D0C3-4C05-AB08-2735A4F7D3C3}.Debug|Any CPU.ActiveCfg = Debug|Any CPU
		{4B520806-D0C3-4C05-AB08-2735A4F7D3C3}.Debug|Any CPU.Build.0 = Debug|Any CPU
		{4B520806-D0C3-4C05-AB08-2735A4F7D3C3}.Release|Any CPU.ActiveCfg = Release|Any CPU
		{4B520806-D0C3-4C05-AB08-2735A4F7D3C3}.Release|Any CPU.Build.0 = Release|Any CPU
		{BDD87805-2488-4FAB-8353-DE12E4F7393B}.Debug|Any CPU.ActiveCfg = Debug|Any CPU
		{BDD87805-2488-4FAB-8353-DE12E4F7393B}.Debug|Any CPU.Build.0 = Debug|Any CPU
		{BDD87805-2488-4FAB-8353-DE12E4F7393B}.Release|Any CPU.ActiveCfg = Release|Any CPU
		{BDD87805-2488-4FAB-8353-DE12E4F7393B}.Release|Any CPU.Build.0 = Release|Any CPU
		{A4F6437D-288C-4504-9FA0-84F69F42D123}.Debug|Any CPU.ActiveCfg = Debug|Any CPU
		{A4F6437D-288C-4504-9FA0-84F69F42D123}.Debug|Any CPU.Build.0 = Debug|Any CPU
		{A4F6437D-288C-4504-9FA0-84F69F42D123}.Release|Any CPU.ActiveCfg = Release|Any CPU
	EndGlobalSection
	GlobalSection(SolutionProperties) = preSolution
		HideSolutionNode = FALSE
	EndGlobalSection
	GlobalSection(NestedProjects) = preSolution
		{EFABB32D-94DB-4A95-B1F3-0CB8F56261E1} = {27E35376-4E32-4A62-8CAA-3FD5CC32CADA}
		{4B520806-D0C3-4C05-AB08-2735A4F7D3C3} = {27E35376-4E32-4A62-8CAA-3FD5CC32CADA}
		{BDD87805-2488-4FAB-8353-DE12E4F7393B} = {4AEE8A54-4BA9-4DB9-B092-F47B7E89D0D1}
		{A4F6437D-288C-4504-9FA0-84F69F42D123} = {27E35376-4E32-4A62-8CAA-3FD5CC32CADA}
	EndGlobalSection
EndGlobal
